
Microsoft Visual Studio Solution File, Format Version 12.00
# Visual Studio 15
VisualStudioVersion = 15.0.27703.2035
MinimumVisualStudioVersion = 10.0.40219.1
Project("{FAE04EC0-301F-11D3-BF4B-00C04F79EFBC}") = "DBFirstDemo", "DBFirstDemo\DBFirstDemo.csproj", "{FE17F850-860B-4CED-B3C2-F3D110F0003A}"
EndProject
Global
	GlobalSection(SolutionConfigurationPlatforms) = preSolution
		Debug|Any CPU = Debug|Any CPU
		Release|Any CPU = Release|Any CPU
	EndGlobalSection
	GlobalSection(ProjectConfigurationPlatforms) = postSolution
		{FE17F850-860B-4CED-B3C2-F3D110F0003A}.Debug|Any CPU.ActiveCfg = Debug|Any CPU
		{FE17F850-860B-4CED-B3C2-F3D110F0003A}.Debug|Any CPU.Build.0 = Debug|Any CPU
		{FE17F850-860B-4CED-B3C2-F3D110F0003A}.Release|Any CPU.ActiveCfg = Release|Any CPU
		{FE17F850-860B-4CED-B3C2-F3D110F0003A}.Release|Any CPU.Build.0 = Release|Any CPU
	EndGlobalSection
	GlobalSection(SolutionProperties) = preSolution
		HideSolutionNode = FALSE
	EndGlobalSection
	GlobalSection(ExtensibilityGlobals) = postSolution
		SolutionGuid = {3622BCAF-5AEA-460A-BAE7-5B8AE52DD59D}
	EndGlobalSection
EndGlobal
